// !$*UTF8*$!
{
	archiveVersion = 1;
	classes = {
	};
	objectVersion = 77;
	objects = {

/* Begin PBXBuildFile section */
		9F2979DE2CD85F0A00031F26 /* README.md in Resources */ = {isa = PBXBuildFile; fileRef = 9F2979DD2CD85F0A00031F26 /* README.md */; };
		9F2979E02CD85F2E00031F26 /* .gitignore in Resources */ = {isa = PBXBuildFile; fileRef = 9F2979DF2CD85F2E00031F26 /* .gitignore */; };
		9F5F29A72CF90181002EE151 /* WidgetKit.framework in Frameworks */ = {isa = PBXBuildFile; fileRef = 9F8BE9342CCFC0E4001FD055 /* WidgetKit.framework */; };
		9F5F29A82CF90181002EE151 /* SwiftUI.framework in Frameworks */ = {isa = PBXBuildFile; fileRef = 9F8BE9362CCFC0E4001FD055 /* SwiftUI.framework */; };
		9F5F29B72CF90182002EE151 /* AllAccountsWidgetExtension.appex in Embed Foundation Extensions */ = {isa = PBXBuildFile; fileRef = 9F5F29A62CF90181002EE151 /* AllAccountsWidgetExtension.appex */; settings = {ATTRIBUTES = (RemoveHeadersOnCopy, ); }; };
		9FC71DA82CE2A2F8006C9ED5 /* WidgetKit.framework in Frameworks */ = {isa = PBXBuildFile; fileRef = 9F8BE9342CCFC0E4001FD055 /* WidgetKit.framework */; };
		9FC71DA92CE2A2F8006C9ED5 /* SwiftUI.framework in Frameworks */ = {isa = PBXBuildFile; fileRef = 9F8BE9362CCFC0E4001FD055 /* SwiftUI.framework */; };
		9FC71DB82CE2A2F9006C9ED5 /* BankWidgetExtension.appex in Embed Foundation Extensions */ = {isa = PBXBuildFile; fileRef = 9FC71DA72CE2A2F8006C9ED5 /* BankWidgetExtension.appex */; settings = {ATTRIBUTES = (RemoveHeadersOnCopy, ); }; };
/* End PBXBuildFile section */

/* Begin PBXContainerItemProxy section */
		9F5F29B52CF90182002EE151 /* PBXContainerItemProxy */ = {
			isa = PBXContainerItemProxy;
			containerPortal = 9F8BE8F92CCFBFF2001FD055 /* Project object */;
			proxyType = 1;
			remoteGlobalIDString = 9F5F29A52CF90181002EE151;
			remoteInfo = AllAccountsWidgetExtension;
		};
		9FC71DB62CE2A2F9006C9ED5 /* PBXContainerItemProxy */ = {
			isa = PBXContainerItemProxy;
			containerPortal = 9F8BE8F92CCFBFF2001FD055 /* Project object */;
			proxyType = 1;
			remoteGlobalIDString = 9FC71DA62CE2A2F8006C9ED5;
			remoteInfo = BankWidgetExtension;
		};
/* End PBXContainerItemProxy section */

/* Begin PBXCopyFilesBuildPhase section */
		9F8BE9492CCFC0E6001FD055 /* Embed Foundation Extensions */ = {
			isa = PBXCopyFilesBuildPhase;
			buildActionMask = 2147483647;
			dstPath = "";
			dstSubfolderSpec = 13;
			files = (
				9F5F29B72CF90182002EE151 /* AllAccountsWidgetExtension.appex in Embed Foundation Extensions */,
				9FC71DB82CE2A2F9006C9ED5 /* BankWidgetExtension.appex in Embed Foundation Extensions */,
			);
			name = "Embed Foundation Extensions";
			runOnlyForDeploymentPostprocessing = 0;
		};
/* End PBXCopyFilesBuildPhase section */

/* Begin PBXFileReference section */
		52F4C8B42CD87655003B7BEF /* MainWidgetExtension.entitlements */ = {isa = PBXFileReference; lastKnownFileType = text.plist.entitlements; path = MainWidgetExtension.entitlements; sourceTree = "<group>"; };
		9F2979DD2CD85F0A00031F26 /* README.md */ = {isa = PBXFileReference; lastKnownFileType = net.daringfireball.markdown; path = README.md; sourceTree = "<group>"; };
		9F2979DF2CD85F2E00031F26 /* .gitignore */ = {isa = PBXFileReference; lastKnownFileType = text; path = .gitignore; sourceTree = "<group>"; };
		9F5F29A62CF90181002EE151 /* AllAccountsWidgetExtension.appex */ = {isa = PBXFileReference; explicitFileType = "wrapper.app-extension"; includeInIndex = 0; path = AllAccountsWidgetExtension.appex; sourceTree = BUILT_PRODUCTS_DIR; };
		9F5F29BE2CF9077E002EE151 /* AllAccountsWidgetExtension.entitlements */ = {isa = PBXFileReference; lastKnownFileType = text.plist.entitlements; path = AllAccountsWidgetExtension.entitlements; sourceTree = "<group>"; };
		9F8BE9012CCFBFF2001FD055 /* SolidBank.app */ = {isa = PBXFileReference; explicitFileType = wrapper.application; includeInIndex = 0; path = SolidBank.app; sourceTree = BUILT_PRODUCTS_DIR; };
		9F8BE9342CCFC0E4001FD055 /* WidgetKit.framework */ = {isa = PBXFileReference; lastKnownFileType = wrapper.framework; name = WidgetKit.framework; path = System/Library/Frameworks/WidgetKit.framework; sourceTree = SDKROOT; };
		9F8BE9362CCFC0E4001FD055 /* SwiftUI.framework */ = {isa = PBXFileReference; lastKnownFileType = wrapper.framework; name = SwiftUI.framework; path = System/Library/Frameworks/SwiftUI.framework; sourceTree = SDKROOT; };
		9FC71DA72CE2A2F8006C9ED5 /* BankWidgetExtension.appex */ = {isa = PBXFileReference; explicitFileType = "wrapper.app-extension"; includeInIndex = 0; path = BankWidgetExtension.appex; sourceTree = BUILT_PRODUCTS_DIR; };
		9FC71DBD2CE2A37D006C9ED5 /* BankWidgetExtension.entitlements */ = {isa = PBXFileReference; lastKnownFileType = text.plist.entitlements; path = BankWidgetExtension.entitlements; sourceTree = "<group>"; };
/* End PBXFileReference section */

/* Begin PBXFileSystemSynchronizedBuildFileExceptionSet section */
		9F5F29B82CF90182002EE151 /* Exceptions for "AllAccountsWidget" folder in "AllAccountsWidgetExtension" target */ = {
			isa = PBXFileSystemSynchronizedBuildFileExceptionSet;
			membershipExceptions = (
				Info.plist,
			);
			target = 9F5F29A52CF90181002EE151 /* AllAccountsWidgetExtension */;
		};
		9F5F29BD2CF902E7002EE151 /* Exceptions for "SolidBank" folder in "AllAccountsWidgetExtension" target */ = {
			isa = PBXFileSystemSynchronizedBuildFileExceptionSet;
			membershipExceptions = (
				Account.swift,
				AccountViewModel.swift,
			);
			target = 9F5F29A52CF90181002EE151 /* AllAccountsWidgetExtension */;
		};
		9F5F29C42CF91339002EE151 /* Exceptions for "SolidBank" folder in "SolidBank" target */ = {
			isa = PBXFileSystemSynchronizedBuildFileExceptionSet;
			membershipExceptions = (
				Info.plist,
			);
			target = 9F8BE9002CCFBFF2001FD055 /* SolidBank */;
		};
		9FC71DB92CE2A2F9006C9ED5 /* Exceptions for "BankWidget" folder in "BankWidgetExtension" target */ = {
			isa = PBXFileSystemSynchronizedBuildFileExceptionSet;
			membershipExceptions = (
				Info.plist,
			);
			target = 9FC71DA62CE2A2F8006C9ED5 /* BankWidgetExtension */;
		};
		9FC71DBF2CE2A782006C9ED5 /* Exceptions for "SolidBank" folder in "BankWidgetExtension" target */ = {
			isa = PBXFileSystemSynchronizedBuildFileExceptionSet;
			membershipExceptions = (
				Account.swift,
				AccountViewModel.swift,
			);
			target = 9FC71DA62CE2A2F8006C9ED5 /* BankWidgetExtension */;
		};
/* End PBXFileSystemSynchronizedBuildFileExceptionSet section */

/* Begin PBXFileSystemSynchronizedRootGroup section */
		9F5F29A92CF90181002EE151 /* AllAccountsWidget */ = {
			isa = PBXFileSystemSynchronizedRootGroup;
			exceptions = (
				9F5F29B82CF90182002EE151 /* Exceptions for "AllAccountsWidget" folder in "AllAccountsWidgetExtension" target */,
			);
			path = AllAccountsWidget;
			sourceTree = "<group>";
		};
		9F8BE9032CCFBFF2001FD055 /* SolidBank */ = {
			isa = PBXFileSystemSynchronizedRootGroup;
			exceptions = (
				9F5F29C42CF91339002EE151 /* Exceptions for "SolidBank" folder in "SolidBank" target */,
				9FC71DBF2CE2A782006C9ED5 /* Exceptions for "SolidBank" folder in "BankWidgetExtension" target */,
				9F5F29BD2CF902E7002EE151 /* Exceptions for "SolidBank" folder in "AllAccountsWidgetExtension" target */,
			);
			path = SolidBank;
			sourceTree = "<group>";
		};
		9F8BE9142CCFBFF3001FD055 /* SolidBankTests */ = {
			isa = PBXFileSystemSynchronizedRootGroup;
			path = SolidBankTests;
			sourceTree = "<group>";
		};
		9F8BE91E2CCFBFF4001FD055 /* SolidBankUITests */ = {
			isa = PBXFileSystemSynchronizedRootGroup;
			path = SolidBankUITests;
			sourceTree = "<group>";
		};
		9FC71DAA2CE2A2F8006C9ED5 /* BankWidget */ = {
			isa = PBXFileSystemSynchronizedRootGroup;
			exceptions = (
				9FC71DB92CE2A2F9006C9ED5 /* Exceptions for "BankWidget" folder in "BankWidgetExtension" target */,
			);
			path = BankWidget;
			sourceTree = "<group>";
		};
/* End PBXFileSystemSynchronizedRootGroup section */

/* Begin PBXFrameworksBuildPhase section */
		9F5F29A32CF90181002EE151 /* Frameworks */ = {
			isa = PBXFrameworksBuildPhase;
			buildActionMask = 2147483647;
			files = (
				9F5F29A82CF90181002EE151 /* SwiftUI.framework in Frameworks */,
				9F5F29A72CF90181002EE151 /* WidgetKit.framework in Frameworks */,
			);
			runOnlyForDeploymentPostprocessing = 0;
		};
		9F8BE8FE2CCFBFF2001FD055 /* Frameworks */ = {
			isa = PBXFrameworksBuildPhase;
			buildActionMask = 2147483647;
			files = (
			);
			runOnlyForDeploymentPostprocessing = 0;
		};
		9FC71DA42CE2A2F8006C9ED5 /* Frameworks */ = {
			isa = PBXFrameworksBuildPhase;
			buildActionMask = 2147483647;
			files = (
				9FC71DA92CE2A2F8006C9ED5 /* SwiftUI.framework in Frameworks */,
				9FC71DA82CE2A2F8006C9ED5 /* WidgetKit.framework in Frameworks */,
			);
			runOnlyForDeploymentPostprocessing = 0;
		};
/* End PBXFrameworksBuildPhase section */

/* Begin PBXGroup section */
		9F8BE8F82CCFBFF2001FD055 = {
			isa = PBXGroup;
			children = (
				9F5F29BE2CF9077E002EE151 /* AllAccountsWidgetExtension.entitlements */,
				9FC71DBD2CE2A37D006C9ED5 /* BankWidgetExtension.entitlements */,
				52F4C8B42CD87655003B7BEF /* MainWidgetExtension.entitlements */,
				9F2979DD2CD85F0A00031F26 /* README.md */,
				9F2979DF2CD85F2E00031F26 /* .gitignore */,
				9F8BE9032CCFBFF2001FD055 /* SolidBank */,
				9F8BE9142CCFBFF3001FD055 /* SolidBankTests */,
				9F8BE91E2CCFBFF4001FD055 /* SolidBankUITests */,
				9FC71DAA2CE2A2F8006C9ED5 /* BankWidget */,
				9F5F29A92CF90181002EE151 /* AllAccountsWidget */,
				9F8BE9332CCFC0E4001FD055 /* Frameworks */,
				9F8BE9022CCFBFF2001FD055 /* Products */,
			);
			sourceTree = "<group>";
		};
		9F8BE9022CCFBFF2001FD055 /* Products */ = {
			isa = PBXGroup;
			children = (
				9F8BE9012CCFBFF2001FD055 /* SolidBank.app */,
				9FC71DA72CE2A2F8006C9ED5 /* BankWidgetExtension.appex */,
				9F5F29A62CF90181002EE151 /* AllAccountsWidgetExtension.appex */,
			);
			name = Products;
			sourceTree = "<group>";
		};
		9F8BE9332CCFC0E4001FD055 /* Frameworks */ = {
			isa = PBXGroup;
			children = (
				9F8BE9342CCFC0E4001FD055 /* WidgetKit.framework */,
				9F8BE9362CCFC0E4001FD055 /* SwiftUI.framework */,
			);
			name = Frameworks;
			sourceTree = "<group>";
		};
/* End PBXGroup section */

/* Begin PBXNativeTarget section */
		9F5F29A52CF90181002EE151 /* AllAccountsWidgetExtension */ = {
			isa = PBXNativeTarget;
			buildConfigurationList = 9F5F29B92CF90182002EE151 /* Build configuration list for PBXNativeTarget "AllAccountsWidgetExtension" */;
			buildPhases = (
				9F5F29A22CF90181002EE151 /* Sources */,
				9F5F29A32CF90181002EE151 /* Frameworks */,
				9F5F29A42CF90181002EE151 /* Resources */,
			);
			buildRules = (
			);
			dependencies = (
			);
			fileSystemSynchronizedGroups = (
				9F5F29A92CF90181002EE151 /* AllAccountsWidget */,
			);
			name = AllAccountsWidgetExtension;
			packageProductDependencies = (
			);
			productName = AllAccountsWidgetExtension;
			productReference = 9F5F29A62CF90181002EE151 /* AllAccountsWidgetExtension.appex */;
			productType = "com.apple.product-type.app-extension";
		};
		9F8BE9002CCFBFF2001FD055 /* SolidBank */ = {
			isa = PBXNativeTarget;
			buildConfigurationList = 9F8BE9252CCFBFF4001FD055 /* Build configuration list for PBXNativeTarget "SolidBank" */;
			buildPhases = (
				9F8BE8FD2CCFBFF2001FD055 /* Sources */,
				9F8BE8FE2CCFBFF2001FD055 /* Frameworks */,
				9F8BE8FF2CCFBFF2001FD055 /* Resources */,
				9F8BE9492CCFC0E6001FD055 /* Embed Foundation Extensions */,
			);
			buildRules = (
			);
			dependencies = (
				9FC71DB72CE2A2F9006C9ED5 /* PBXTargetDependency */,
				9F5F29B62CF90182002EE151 /* PBXTargetDependency */,
			);
			fileSystemSynchronizedGroups = (
				9F8BE9032CCFBFF2001FD055 /* SolidBank */,
			);
			name = SolidBank;
			packageProductDependencies = (
			);
			productName = SolidBank;
			productReference = 9F8BE9012CCFBFF2001FD055 /* SolidBank.app */;
			productType = "com.apple.product-type.application";
		};
		9FC71DA62CE2A2F8006C9ED5 /* BankWidgetExtension */ = {
			isa = PBXNativeTarget;
			buildConfigurationList = 9FC71DBA2CE2A2F9006C9ED5 /* Build configuration list for PBXNativeTarget "BankWidgetExtension" */;
			buildPhases = (
				9FC71DA32CE2A2F8006C9ED5 /* Sources */,
				9FC71DA42CE2A2F8006C9ED5 /* Frameworks */,
				9FC71DA52CE2A2F8006C9ED5 /* Resources */,
			);
			buildRules = (
			);
			dependencies = (
			);
			fileSystemSynchronizedGroups = (
				9FC71DAA2CE2A2F8006C9ED5 /* BankWidget */,
			);
			name = BankWidgetExtension;
			packageProductDependencies = (
			);
			productName = BankWidgetExtension;
			productReference = 9FC71DA72CE2A2F8006C9ED5 /* BankWidgetExtension.appex */;
			productType = "com.apple.product-type.app-extension";
		};
/* End PBXNativeTarget section */

/* Begin PBXProject section */
		9F8BE8F92CCFBFF2001FD055 /* Project object */ = {
			isa = PBXProject;
			attributes = {
				BuildIndependentTargetsInParallel = 1;
				LastSwiftUpdateCheck = 1610;
				LastUpgradeCheck = 1600;
				TargetAttributes = {
					9F5F29A52CF90181002EE151 = {
						CreatedOnToolsVersion = 16.1;
					};
					9F8BE9002CCFBFF2001FD055 = {
						CreatedOnToolsVersion = 16.0;
					};
					9FC71DA62CE2A2F8006C9ED5 = {
						CreatedOnToolsVersion = 16.1;
					};
				};
			};
			buildConfigurationList = 9F8BE8FC2CCFBFF2001FD055 /* Build configuration list for PBXProject "SolidBank" */;
			developmentRegion = en;
			hasScannedForEncodings = 0;
			knownRegions = (
				en,
				Base,
			);
			mainGroup = 9F8BE8F82CCFBFF2001FD055;
			minimizedProjectReferenceProxies = 1;
			preferredProjectObjectVersion = 77;
			productRefGroup = 9F8BE9022CCFBFF2001FD055 /* Products */;
			projectDirPath = "";
			projectRoot = "";
			targets = (
				9F8BE9002CCFBFF2001FD055 /* SolidBank */,
				9FC71DA62CE2A2F8006C9ED5 /* BankWidgetExtension */,
				9F5F29A52CF90181002EE151 /* AllAccountsWidgetExtension */,
			);
		};
/* End PBXProject section */

/* Begin PBXResourcesBuildPhase section */
		9F5F29A42CF90181002EE151 /* Resources */ = {
			isa = PBXResourcesBuildPhase;
			buildActionMask = 2147483647;
			files = (
			);
			runOnlyForDeploymentPostprocessing = 0;
		};
		9F8BE8FF2CCFBFF2001FD055 /* Resources */ = {
			isa = PBXResourcesBuildPhase;
			buildActionMask = 2147483647;
			files = (
				9F2979E02CD85F2E00031F26 /* .gitignore in Resources */,
				9F2979DE2CD85F0A00031F26 /* README.md in Resources */,
			);
			runOnlyForDeploymentPostprocessing = 0;
		};
		9FC71DA52CE2A2F8006C9ED5 /* Resources */ = {
			isa = PBXResourcesBuildPhase;
			buildActionMask = 2147483647;
			files = (
			);
			runOnlyForDeploymentPostprocessing = 0;
		};
/* End PBXResourcesBuildPhase section */

/* Begin PBXSourcesBuildPhase section */
		9F5F29A22CF90181002EE151 /* Sources */ = {
			isa = PBXSourcesBuildPhase;
			buildActionMask = 2147483647;
			files = (
			);
			runOnlyForDeploymentPostprocessing = 0;
		};
		9F8BE8FD2CCFBFF2001FD055 /* Sources */ = {
			isa = PBXSourcesBuildPhase;
			buildActionMask = 2147483647;
			files = (
			);
			runOnlyForDeploymentPostprocessing = 0;
		};
		9FC71DA32CE2A2F8006C9ED5 /* Sources */ = {
			isa = PBXSourcesBuildPhase;
			buildActionMask = 2147483647;
			files = (
			);
			runOnlyForDeploymentPostprocessing = 0;
		};
/* End PBXSourcesBuildPhase section */

/* Begin PBXTargetDependency section */
		9F5F29B62CF90182002EE151 /* PBXTargetDependency */ = {
			isa = PBXTargetDependency;
			target = 9F5F29A52CF90181002EE151 /* AllAccountsWidgetExtension */;
			targetProxy = 9F5F29B52CF90182002EE151 /* PBXContainerItemProxy */;
		};
		9FC71DB72CE2A2F9006C9ED5 /* PBXTargetDependency */ = {
			isa = PBXTargetDependency;
			target = 9FC71DA62CE2A2F8006C9ED5 /* BankWidgetExtension */;
			targetProxy = 9FC71DB62CE2A2F9006C9ED5 /* PBXContainerItemProxy */;
		};
/* End PBXTargetDependency section */

/* Begin XCBuildConfiguration section */
		9F5F29BA2CF90182002EE151 /* Debug */ = {
			isa = XCBuildConfiguration;
			buildSettings = {
				ASSETCATALOG_COMPILER_GLOBAL_ACCENT_COLOR_NAME = AccentColor;
				ASSETCATALOG_COMPILER_WIDGET_BACKGROUND_COLOR_NAME = WidgetBackground;
				CODE_SIGN_ENTITLEMENTS = AllAccountsWidgetExtension.entitlements;
				CODE_SIGN_STYLE = Automatic;
				CURRENT_PROJECT_VERSION = 1;
				DEVELOPMENT_TEAM = 6CL8WWVX84;
				GENERATE_INFOPLIST_FILE = YES;
				INFOPLIST_FILE = AllAccountsWidget/Info.plist;
				INFOPLIST_KEY_CFBundleDisplayName = AllAccountsWidget;
				INFOPLIST_KEY_NSHumanReadableCopyright = "";
				IPHONEOS_DEPLOYMENT_TARGET = 18.1;
				LD_RUNPATH_SEARCH_PATHS = (
					"$(inherited)",
					"@executable_path/Frameworks",
					"@executable_path/../../Frameworks",
				);
				MARKETING_VERSION = 1.0;
				PRODUCT_BUNDLE_IDENTIFIER = mducrot.SolidBank.AllAccountsWidget;
				PRODUCT_NAME = "$(TARGET_NAME)";
				SKIP_INSTALL = YES;
				SWIFT_EMIT_LOC_STRINGS = YES;
				SWIFT_VERSION = 5.0;
				TARGETED_DEVICE_FAMILY = "1,2";
			};
			name = Debug;
		};
		9F5F29BB2CF90182002EE151 /* Release */ = {
			isa = XCBuildConfiguration;
			buildSettings = {
				ASSETCATALOG_COMPILER_GLOBAL_ACCENT_COLOR_NAME = AccentColor;
				ASSETCATALOG_COMPILER_WIDGET_BACKGROUND_COLOR_NAME = WidgetBackground;
				CODE_SIGN_ENTITLEMENTS = AllAccountsWidgetExtension.entitlements;
				CODE_SIGN_STYLE = Automatic;
				CURRENT_PROJECT_VERSION = 1;
				DEVELOPMENT_TEAM = 6CL8WWVX84;
				GENERATE_INFOPLIST_FILE = YES;
				INFOPLIST_FILE = AllAccountsWidget/Info.plist;
				INFOPLIST_KEY_CFBundleDisplayName = AllAccountsWidget;
				INFOPLIST_KEY_NSHumanReadableCopyright = "";
				IPHONEOS_DEPLOYMENT_TARGET = 18.1;
				LD_RUNPATH_SEARCH_PATHS = (
					"$(inherited)",
					"@executable_path/Frameworks",
					"@executable_path/../../Frameworks",
				);
				MARKETING_VERSION = 1.0;
				PRODUCT_BUNDLE_IDENTIFIER = mducrot.SolidBank.AllAccountsWidget;
				PRODUCT_NAME = "$(TARGET_NAME)";
				SKIP_INSTALL = YES;
				SWIFT_EMIT_LOC_STRINGS = YES;
				SWIFT_VERSION = 5.0;
				TARGETED_DEVICE_FAMILY = "1,2";
			};
			name = Release;
		};
		9F8BE9232CCFBFF4001FD055 /* Debug */ = {
			isa = XCBuildConfiguration;
			buildSettings = {
				ALWAYS_SEARCH_USER_PATHS = NO;
				ASSETCATALOG_COMPILER_GENERATE_SWIFT_ASSET_SYMBOL_EXTENSIONS = YES;
				CLANG_ANALYZER_NONNULL = YES;
				CLANG_ANALYZER_NUMBER_OBJECT_CONVERSION = YES_AGGRESSIVE;
				CLANG_CXX_LANGUAGE_STANDARD = "gnu++20";
				CLANG_ENABLE_MODULES = YES;
				CLANG_ENABLE_OBJC_ARC = YES;
				CLANG_ENABLE_OBJC_WEAK = YES;
				CLANG_WARN_BLOCK_CAPTURE_AUTORELEASING = YES;
				CLANG_WARN_BOOL_CONVERSION = YES;
				CLANG_WARN_COMMA = YES;
				CLANG_WARN_CONSTANT_CONVERSION = YES;
				CLANG_WARN_DEPRECATED_OBJC_IMPLEMENTATIONS = YES;
				CLANG_WARN_DIRECT_OBJC_ISA_USAGE = YES_ERROR;
				CLANG_WARN_DOCUMENTATION_COMMENTS = YES;
				CLANG_WARN_EMPTY_BODY = YES;
				CLANG_WARN_ENUM_CONVERSION = YES;
				CLANG_WARN_INFINITE_RECURSION = YES;
				CLANG_WARN_INT_CONVERSION = YES;
				CLANG_WARN_NON_LITERAL_NULL_CONVERSION = YES;
				CLANG_WARN_OBJC_IMPLICIT_RETAIN_SELF = YES;
				CLANG_WARN_OBJC_LITERAL_CONVERSION = YES;
				CLANG_WARN_OBJC_ROOT_CLASS = YES_ERROR;
				CLANG_WARN_QUOTED_INCLUDE_IN_FRAMEWORK_HEADER = YES;
				CLANG_WARN_RANGE_LOOP_ANALYSIS = YES;
				CLANG_WARN_STRICT_PROTOTYPES = YES;
				CLANG_WARN_SUSPICIOUS_MOVE = YES;
				CLANG_WARN_UNGUARDED_AVAILABILITY = YES_AGGRESSIVE;
				CLANG_WARN_UNREACHABLE_CODE = YES;
				CLANG_WARN__DUPLICATE_METHOD_MATCH = YES;
				COPY_PHASE_STRIP = NO;
				DEBUG_INFORMATION_FORMAT = dwarf;
				ENABLE_STRICT_OBJC_MSGSEND = YES;
				ENABLE_TESTABILITY = YES;
				ENABLE_USER_SCRIPT_SANDBOXING = YES;
				GCC_C_LANGUAGE_STANDARD = gnu17;
				GCC_DYNAMIC_NO_PIC = NO;
				GCC_NO_COMMON_BLOCKS = YES;
				GCC_OPTIMIZATION_LEVEL = 0;
				GCC_PREPROCESSOR_DEFINITIONS = (
					"DEBUG=1",
					"$(inherited)",
				);
				GCC_WARN_64_TO_32_BIT_CONVERSION = YES;
				GCC_WARN_ABOUT_RETURN_TYPE = YES_ERROR;
				GCC_WARN_UNDECLARED_SELECTOR = YES;
				GCC_WARN_UNINITIALIZED_AUTOS = YES_AGGRESSIVE;
				GCC_WARN_UNUSED_FUNCTION = YES;
				GCC_WARN_UNUSED_VARIABLE = YES;
				IPHONEOS_DEPLOYMENT_TARGET = 18.0;
				LOCALIZATION_PREFERS_STRING_CATALOGS = YES;
				MTL_ENABLE_DEBUG_INFO = INCLUDE_SOURCE;
				MTL_FAST_MATH = YES;
				ONLY_ACTIVE_ARCH = YES;
				SDKROOT = iphoneos;
				SWIFT_ACTIVE_COMPILATION_CONDITIONS = "DEBUG $(inherited)";
				SWIFT_OPTIMIZATION_LEVEL = "-Onone";
			};
			name = Debug;
		};
		9F8BE9242CCFBFF4001FD055 /* Release */ = {
			isa = XCBuildConfiguration;
			buildSettings = {
				ALWAYS_SEARCH_USER_PATHS = NO;
				ASSETCATALOG_COMPILER_GENERATE_SWIFT_ASSET_SYMBOL_EXTENSIONS = YES;
				CLANG_ANALYZER_NONNULL = YES;
				CLANG_ANALYZER_NUMBER_OBJECT_CONVERSION = YES_AGGRESSIVE;
				CLANG_CXX_LANGUAGE_STANDARD = "gnu++20";
				CLANG_ENABLE_MODULES = YES;
				CLANG_ENABLE_OBJC_ARC = YES;
				CLANG_ENABLE_OBJC_WEAK = YES;
				CLANG_WARN_BLOCK_CAPTURE_AUTORELEASING = YES;
				CLANG_WARN_BOOL_CONVERSION = YES;
				CLANG_WARN_COMMA = YES;
				CLANG_WARN_CONSTANT_CONVERSION = YES;
				CLANG_WARN_DEPRECATED_OBJC_IMPLEMENTATIONS = YES;
				CLANG_WARN_DIRECT_OBJC_ISA_USAGE = YES_ERROR;
				CLANG_WARN_DOCUMENTATION_COMMENTS = YES;
				CLANG_WARN_EMPTY_BODY = YES;
				CLANG_WARN_ENUM_CONVERSION = YES;
				CLANG_WARN_INFINITE_RECURSION = YES;
				CLANG_WARN_INT_CONVERSION = YES;
				CLANG_WARN_NON_LITERAL_NULL_CONVERSION = YES;
				CLANG_WARN_OBJC_IMPLICIT_RETAIN_SELF = YES;
				CLANG_WARN_OBJC_LITERAL_CONVERSION = YES;
				CLANG_WARN_OBJC_ROOT_CLASS = YES_ERROR;
				CLANG_WARN_QUOTED_INCLUDE_IN_FRAMEWORK_HEADER = YES;
				CLANG_WARN_RANGE_LOOP_ANALYSIS = YES;
				CLANG_WARN_STRICT_PROTOTYPES = YES;
				CLANG_WARN_SUSPICIOUS_MOVE = YES;
				CLANG_WARN_UNGUARDED_AVAILABILITY = YES_AGGRESSIVE;
				CLANG_WARN_UNREACHABLE_CODE = YES;
				CLANG_WARN__DUPLICATE_METHOD_MATCH = YES;
				COPY_PHASE_STRIP = NO;
				DEBUG_INFORMATION_FORMAT = "dwarf-with-dsym";
				ENABLE_NS_ASSERTIONS = NO;
				ENABLE_STRICT_OBJC_MSGSEND = YES;
				ENABLE_USER_SCRIPT_SANDBOXING = YES;
				GCC_C_LANGUAGE_STANDARD = gnu17;
				GCC_NO_COMMON_BLOCKS = YES;
				GCC_WARN_64_TO_32_BIT_CONVERSION = YES;
				GCC_WARN_ABOUT_RETURN_TYPE = YES_ERROR;
				GCC_WARN_UNDECLARED_SELECTOR = YES;
				GCC_WARN_UNINITIALIZED_AUTOS = YES_AGGRESSIVE;
				GCC_WARN_UNUSED_FUNCTION = YES;
				GCC_WARN_UNUSED_VARIABLE = YES;
				IPHONEOS_DEPLOYMENT_TARGET = 18.0;
				LOCALIZATION_PREFERS_STRING_CATALOGS = YES;
				MTL_ENABLE_DEBUG_INFO = NO;
				MTL_FAST_MATH = YES;
				SDKROOT = iphoneos;
				SWIFT_COMPILATION_MODE = wholemodule;
				VALIDATE_PRODUCT = YES;
			};
			name = Release;
		};
		9F8BE9262CCFBFF4001FD055 /* Debug */ = {
			isa = XCBuildConfiguration;
			buildSettings = {
				ASSETCATALOG_COMPILER_APPICON_NAME = AppIcon;
				ASSETCATALOG_COMPILER_GLOBAL_ACCENT_COLOR_NAME = AccentColor;
				CODE_SIGN_ENTITLEMENTS = SolidBank/SolidBank.entitlements;
				CODE_SIGN_STYLE = Automatic;
				CURRENT_PROJECT_VERSION = 1;
				DEVELOPMENT_ASSET_PATHS = "\"SolidBank/Preview Content\"";
				DEVELOPMENT_TEAM = 6CL8WWVX84;
				ENABLE_PREVIEWS = YES;
				GENERATE_INFOPLIST_FILE = YES;
				INFOPLIST_FILE = SolidBank/Info.plist;
				INFOPLIST_KEY_UIApplicationSceneManifest_Generation = YES;
				INFOPLIST_KEY_UIApplicationSupportsIndirectInputEvents = YES;
				INFOPLIST_KEY_UILaunchScreen_Generation = YES;
				INFOPLIST_KEY_UISupportedInterfaceOrientations_iPad = "UIInterfaceOrientationPortrait UIInterfaceOrientationPortraitUpsideDown UIInterfaceOrientationLandscapeLeft UIInterfaceOrientationLandscapeRight";
				INFOPLIST_KEY_UISupportedInterfaceOrientations_iPhone = "UIInterfaceOrientationPortrait UIInterfaceOrientationLandscapeLeft UIInterfaceOrientationLandscapeRight";
				LD_RUNPATH_SEARCH_PATHS = (
					"$(inherited)",
					"@executable_path/Frameworks",
				);
				MARKETING_VERSION = 1.0;
				PRODUCT_BUNDLE_IDENTIFIER = mducrot.SolidBank;
				PRODUCT_NAME = "$(TARGET_NAME)";
				SWIFT_EMIT_LOC_STRINGS = YES;
				SWIFT_VERSION = 5.0;
				TARGETED_DEVICE_FAMILY = "1,2";
			};
			name = Debug;
		};
		9F8BE9272CCFBFF4001FD055 /* Release */ = {
			isa = XCBuildConfiguration;
			buildSettings = {
				ASSETCATALOG_COMPILER_APPICON_NAME = AppIcon;
				ASSETCATALOG_COMPILER_GLOBAL_ACCENT_COLOR_NAME = AccentColor;
				CODE_SIGN_ENTITLEMENTS = SolidBank/SolidBank.entitlements;
				CODE_SIGN_STYLE = Automatic;
				CURRENT_PROJECT_VERSION = 1;
				DEVELOPMENT_ASSET_PATHS = "\"SolidBank/Preview Content\"";
				DEVELOPMENT_TEAM = 6CL8WWVX84;
				ENABLE_PREVIEWS = YES;
				GENERATE_INFOPLIST_FILE = YES;
				INFOPLIST_FILE = SolidBank/Info.plist;
				INFOPLIST_KEY_UIApplicationSceneManifest_Generation = YES;
				INFOPLIST_KEY_UIApplicationSupportsIndirectInputEvents = YES;
				INFOPLIST_KEY_UILaunchScreen_Generation = YES;
				INFOPLIST_KEY_UISupportedInterfaceOrientations_iPad = "UIInterfaceOrientationPortrait UIInterfaceOrientationPortraitUpsideDown UIInterfaceOrientationLandscapeLeft UIInterfaceOrientationLandscapeRight";
				INFOPLIST_KEY_UISupportedInterfaceOrientations_iPhone = "UIInterfaceOrientationPortrait UIInterfaceOrientationLandscapeLeft UIInterfaceOrientationLandscapeRight";
				LD_RUNPATH_SEARCH_PATHS = (
					"$(inherited)",
					"@executable_path/Frameworks",
				);
				MARKETING_VERSION = 1.0;
				PRODUCT_BUNDLE_IDENTIFIER = mducrot.SolidBank;
				PRODUCT_NAME = "$(TARGET_NAME)";
				SWIFT_EMIT_LOC_STRINGS = YES;
				SWIFT_VERSION = 5.0;
				TARGETED_DEVICE_FAMILY = "1,2";
			};
			name = Release;
		};
		9FC71DBB2CE2A2F9006C9ED5 /* Debug */ = {
			isa = XCBuildConfiguration;
			buildSettings = {
				ASSETCATALOG_COMPILER_GLOBAL_ACCENT_COLOR_NAME = AccentColor;
				ASSETCATALOG_COMPILER_WIDGET_BACKGROUND_COLOR_NAME = WidgetBackground;
				CODE_SIGN_ENTITLEMENTS = BankWidgetExtension.entitlements;
				CODE_SIGN_STYLE = Automatic;
				CURRENT_PROJECT_VERSION = 1;
				DEVELOPMENT_TEAM = 6CL8WWVX84;
				GENERATE_INFOPLIST_FILE = YES;
				INFOPLIST_FILE = BankWidget/Info.plist;
				INFOPLIST_KEY_CFBundleDisplayName = BankWidget;
				INFOPLIST_KEY_NSHumanReadableCopyright = "";
				IPHONEOS_DEPLOYMENT_TARGET = 18.1;
				LD_RUNPATH_SEARCH_PATHS = (
					"$(inherited)",
					"@executable_path/Frameworks",
					"@executable_path/../../Frameworks",
				);
				MARKETING_VERSION = 1.0;
				PRODUCT_BUNDLE_IDENTIFIER = mducrot.SolidBank.BankWidget;
				PRODUCT_NAME = "$(TARGET_NAME)";
				SKIP_INSTALL = YES;
				SWIFT_EMIT_LOC_STRINGS = YES;
				SWIFT_VERSION = 5.0;
				TARGETED_DEVICE_FAMILY = "1,2";
			};
			name = Debug;
		};
		9FC71DBC2CE2A2F9006C9ED5 /* Release */ = {
			isa = XCBuildConfiguration;
			buildSettings = {
				ASSETCATALOG_COMPILER_GLOBAL_ACCENT_COLOR_NAME = AccentColor;
				ASSETCATALOG_COMPILER_WIDGET_BACKGROUND_COLOR_NAME = WidgetBackground;
				CODE_SIGN_ENTITLEMENTS = BankWidgetExtension.entitlements;
				CODE_SIGN_STYLE = Automatic;
				CURRENT_PROJECT_VERSION = 1;
				DEVELOPMENT_TEAM = 6CL8WWVX84;
				GENERATE_INFOPLIST_FILE = YES;
				INFOPLIST_FILE = BankWidget/Info.plist;
				INFOPLIST_KEY_CFBundleDisplayName = BankWidget;
				INFOPLIST_KEY_NSHumanReadableCopyright = "";
				IPHONEOS_DEPLOYMENT_TARGET = 18.1;
				LD_RUNPATH_SEARCH_PATHS = (
					"$(inherited)",
					"@executable_path/Frameworks",
					"@executable_path/../../Frameworks",
				);
				MARKETING_VERSION = 1.0;
				PRODUCT_BUNDLE_IDENTIFIER = mducrot.SolidBank.BankWidget;
				PRODUCT_NAME = "$(TARGET_NAME)";
				SKIP_INSTALL = YES;
				SWIFT_EMIT_LOC_STRINGS = YES;
				SWIFT_VERSION = 5.0;
				TARGETED_DEVICE_FAMILY = "1,2";
			};
			name = Release;
		};
/* End XCBuildConfiguration section */

/* Begin XCConfigurationList section */
		9F5F29B92CF90182002EE151 /* Build configuration list for PBXNativeTarget "AllAccountsWidgetExtension" */ = {
			isa = XCConfigurationList;
			buildConfigurations = (
				9F5F29BA2CF90182002EE151 /* Debug */,
				9F5F29BB2CF90182002EE151 /* Release */,
			);
			defaultConfigurationIsVisible = 0;
			defaultConfigurationName = Release;
		};
		9F8BE8FC2CCFBFF2001FD055 /* Build configuration list for PBXProject "SolidBank" */ = {
			isa = XCConfigurationList;
			buildConfigurations = (
				9F8BE9232CCFBFF4001FD055 /* Debug */,
				9F8BE9242CCFBFF4001FD055 /* Release */,
			);
			defaultConfigurationIsVisible = 0;
			defaultConfigurationName = Release;
		};
		9F8BE9252CCFBFF4001FD055 /* Build configuration list for PBXNativeTarget "SolidBank" */ = {
			isa = XCConfigurationList;
			buildConfigurations = (
				9F8BE9262CCFBFF4001FD055 /* Debug */,
				9F8BE9272CCFBFF4001FD055 /* Release */,
			);
			defaultConfigurationIsVisible = 0;
			defaultConfigurationName = Release;
		};
		9FC71DBA2CE2A2F9006C9ED5 /* Build configuration list for PBXNativeTarget "BankWidgetExtension" */ = {
			isa = XCConfigurationList;
			buildConfigurations = (
				9FC71DBB2CE2A2F9006C9ED5 /* Debug */,
				9FC71DBC2CE2A2F9006C9ED5 /* Release */,
			);
			defaultConfigurationIsVisible = 0;
			defaultConfigurationName = Release;
		};
/* End XCConfigurationList section */
	};
	rootObject = 9F8BE8F92CCFBFF2001FD055 /* Project object */;
}
